
Microsoft Visual Studio Solution File, Format Version 12.00
# Visual Studio Version 16
VisualStudioVersion = 16.0.31624.102
MinimumVisualStudioVersion = 10.0.40219.1
Project("{8BC9CEB8-8B4A-11D0-8D11-00A0C91BC942}") = "task1", "task1\task1.vcxproj", "{92A28F1A-AC87-403E-BA8E-CA5515DE3947}"
EndProject
Global
	GlobalSection(SolutionConfigurationPlatforms) = preSolution
		Debug|x64 = Debug|x64
		Debug|x86 = Debug|x86
		Release|x64 = Release|x64
		Release|x86 = Release|x86
	EndGlobalSection
	GlobalSection(ProjectConfigurationPlatforms) = postSolution
		{92A28F1A-AC87-403E-BA8E-CA5515DE3947}.Debug|x64.ActiveCfg = Debug|x64
		{92A28F1A-AC87-403E-BA8E-CA5515DE3947}.Debug|x64.Build.0 = Debug|x64
		{92A28F1A-AC87-403E-BA8E-CA5515DE3947}.Debug|x86.ActiveCfg = Debug|Win32
		{92A28F1A-AC87-403E-BA8E-CA5515DE3947}.Debug|x86.Build.0 = Debug|Win32
		{92A28F1A-AC87-403E-BA8E-CA5515DE3947}.Release|x64.ActiveCfg = Release|x64
		{92A28F1A-AC87-403E-BA8E-CA5515DE3947}.Release|x64.Build.0 = Release|x64
		{92A28F1A-AC87-403E-BA8E-CA5515DE3947}.Release|x86.ActiveCfg = Release|Win32
		{92A28F1A-AC87-403E-BA8E-CA5515DE3947}.Release|x86.Build.0 = Release|Win32
	EndGlobalSection
	GlobalSection(SolutionProperties) = preSolution
		HideSolutionNode = FALSE
	EndGlobalSection
	GlobalSection(ExtensibilityGlobals) = postSolution
		SolutionGuid = {CF33021A-8718-4B1C-BD6B-66B03D50F997}
	EndGlobalSection
EndGlobal
